{
  "lockfileVersion": 1,
  "workspaces": {
    "": {
      "dependencies": {
        "@mantine/code-highlight": "^7.17.1",
        "@mantine/tiptap": "^7.17.1",
        "@tiptap/extension-link": "^2.11.5",
        "@tiptap/react": "^2.11.5",
        "@tiptap/starter-kit": "^2.11.5",
      },
    },
  },
  "packages": {
    "@babel/runtime": ["@babel/runtime@7.26.9", "", { "dependencies": { "regenerator-runtime": "^0.14.0" } }, "sha512-aA63XwOkcl4xxQa3HjPMqOP6LiK0ZDv3mUPYEFXkpHbaFjtGggE1A61FjFzJnB+p7/oy2gA8E+rcBNl/zC1tMg=="],

    "@floating-ui/core": ["@floating-ui/core@1.6.9", "", { "dependencies": { "@floating-ui/utils": "^0.2.9" } }, "sha512-uMXCuQ3BItDUbAMhIXw7UPXRfAlOAvZzdK9BWpE60MCn+Svt3aLn9jsPTi/WNGlRUu2uI0v5S7JiIUsbsvh3fw=="],

    "@floating-ui/dom": ["@floating-ui/dom@1.6.13", "", { "dependencies": { "@floating-ui/core": "^1.6.0", "@floating-ui/utils": "^0.2.9" } }, "sha512-umqzocjDgNRGTuO7Q8CU32dkHkECqI8ZdMZ5Swb6QAM0t5rnlrN3lGo1hdpscRd3WS8T6DKYK4ephgIH9iRh3w=="],

    "@floating-ui/react": ["@floating-ui/react@0.26.28", "", { "dependencies": { "@floating-ui/react-dom": "^2.1.2", "@floating-ui/utils": "^0.2.8", "tabbable": "^6.0.0" }, "peerDependencies": { "react": ">=16.8.0", "react-dom": ">=16.8.0" } }, "sha512-yORQuuAtVpiRjpMhdc0wJj06b9JFjrYF4qp96j++v2NBpbi6SEGF7donUJ3TMieerQ6qVkAv1tgr7L4r5roTqw=="],

    "@floating-ui/react-dom": ["@floating-ui/react-dom@2.1.2", "", { "dependencies": { "@floating-ui/dom": "^1.0.0" }, "peerDependencies": { "react": ">=16.8.0", "react-dom": ">=16.8.0" } }, "sha512-06okr5cgPzMNBy+Ycse2A6udMi4bqwW/zgBF/rwjcNqWkyr82Mcg8b0vjX8OJpZFy/FKjJmw6wV7t44kK6kW7A=="],

    "@floating-ui/utils": ["@floating-ui/utils@0.2.9", "", {}, "sha512-MDWhGtE+eHw5JW7lq4qhc5yRLS11ERl1c7Z6Xd0a58DozHES6EnNNwUWbMiG4J9Cgj053Bhk8zvlhFYKVhULwg=="],

    "@mantine/code-highlight": ["@mantine/code-highlight@7.17.1", "", { "dependencies": { "clsx": "^2.1.1", "highlight.js": "^11.10.0" }, "peerDependencies": { "@mantine/core": "7.17.1", "@mantine/hooks": "7.17.1", "react": "^18.x || ^19.x", "react-dom": "^18.x || ^19.x" } }, "sha512-fNbCzLwj+QWC0OehaJvwArs+hXHeK/Gmanc2Y1IUjGikEUMUPTxXIXppgSta6UusqXNcjKhsfffsmDMFaxXwhg=="],

    "@mantine/core": ["@mantine/core@7.17.1", "", { "dependencies": { "@floating-ui/react": "^0.26.28", "clsx": "^2.1.1", "react-number-format": "^5.4.3", "react-remove-scroll": "^2.6.2", "react-textarea-autosize": "8.5.6", "type-fest": "^4.27.0" }, "peerDependencies": { "@mantine/hooks": "7.17.1", "react": "^18.x || ^19.x", "react-dom": "^18.x || ^19.x" } }, "sha512-V8O3Ftq4la4I4wNDkTfH4Slkt/pCEU32pTE/DkO46zua0VFxfOAJeLjaol0s11//T+bXx82DtjMsd9APWPuFhA=="],

    "@mantine/hooks": ["@mantine/hooks@7.17.1", "", { "peerDependencies": { "react": "^18.x || ^19.x" } }, "sha512-mkHLrXMPd5xdI5WD7UOLwNEpdh/i6A7HaRDTXvjDE2/S0N8VmAE+BlvdyvWRMi7ODp2zVqJdP8cF1tgUn+Z0fA=="],

    "@mantine/tiptap": ["@mantine/tiptap@7.17.1", "", { "peerDependencies": { "@mantine/core": "7.17.1", "@mantine/hooks": "7.17.1", "@tiptap/extension-link": ">=2.1.12", "@tiptap/react": ">=2.1.12", "react": "^18.x || ^19.x", "react-dom": "^18.x || ^19.x" } }, "sha512-GJunUNzant7zOYHL8QgpweR+jh2oR85GIo6Ra20C2qaMvaGmQVQAcCR1KRQdanUQuNKjl+9cwlbfURYZYWsOZA=="],

    "@popperjs/core": ["@popperjs/core@2.11.8", "", {}, "sha512-P1st0aksCrn9sGZhp8GMYwBnQsbvAWsZAX44oXNNvLHGqAOcoVxmjZiohstwQ7SqKnbR47akdNi+uleWD8+g6A=="],

    "@remirror/core-constants": ["@remirror/core-constants@3.0.0", "", {}, "sha512-42aWfPrimMfDKDi4YegyS7x+/0tlzaqwPQCULLanv3DMIlu96KTJR0fM5isWX2UViOqlGnX6YFgqWepcX+XMNg=="],

    "@tiptap/core": ["@tiptap/core@2.11.5", "", { "peerDependencies": { "@tiptap/pm": "^2.7.0" } }, "sha512-jb0KTdUJaJY53JaN7ooY3XAxHQNoMYti/H6ANo707PsLXVeEqJ9o8+eBup1JU5CuwzrgnDc2dECt2WIGX9f8Jw=="],

    "@tiptap/extension-blockquote": ["@tiptap/extension-blockquote@2.11.5", "", { "peerDependencies": { "@tiptap/core": "^2.7.0" } }, "sha512-MZfcRIzKRD8/J1hkt/eYv49060GTL6qGR3NY/oTDuw2wYzbQXXLEbjk8hxAtjwNn7G+pWQv3L+PKFzZDxibLuA=="],

    "@tiptap/extension-bold": ["@tiptap/extension-bold@2.11.5", "", { "peerDependencies": { "@tiptap/core": "^2.7.0" } }, "sha512-OAq03MHEbl7MtYCUzGuwb0VpOPnM0k5ekMbEaRILFU5ZC7cEAQ36XmPIw1dQayrcuE8GZL35BKub2qtRxyC9iA=="],

    "@tiptap/extension-bubble-menu": ["@tiptap/extension-bubble-menu@2.11.5", "", { "dependencies": { "tippy.js": "^6.3.7" }, "peerDependencies": { "@tiptap/core": "^2.7.0", "@tiptap/pm": "^2.7.0" } }, "sha512-rx+rMd7EEdht5EHLWldpkzJ56SWYA9799b33ustePqhXd6linnokJCzBqY13AfZ9+xp3RsR6C0ZHI9GGea0tIA=="],

    "@tiptap/extension-bullet-list": ["@tiptap/extension-bullet-list@2.11.5", "", { "peerDependencies": { "@tiptap/core": "^2.7.0" } }, "sha512-VXwHlX6A/T6FAspnyjbKDO0TQ+oetXuat6RY1/JxbXphH42nLuBaGWJ6pgy6xMl6XY8/9oPkTNrfJw/8/eeRwA=="],

    "@tiptap/extension-code": ["@tiptap/extension-code@2.11.5", "", { "peerDependencies": { "@tiptap/core": "^2.7.0" } }, "sha512-xOvHevNIQIcCCVn9tpvXa1wBp0wHN/2umbAZGTVzS+AQtM7BTo0tz8IyzwxkcZJaImONcUVYLOLzt2AgW1LltA=="],

    "@tiptap/extension-code-block": ["@tiptap/extension-code-block@2.11.5", "", { "peerDependencies": { "@tiptap/core": "^2.7.0", "@tiptap/pm": "^2.7.0" } }, "sha512-ksxMMvqLDlC+ftcQLynqZMdlJT1iHYZorXsXw/n+wuRd7YElkRkd6YWUX/Pq/njFY6lDjKiqFLEXBJB8nrzzBA=="],

    "@tiptap/extension-document": ["@tiptap/extension-document@2.11.5", "", { "peerDependencies": { "@tiptap/core": "^2.7.0" } }, "sha512-7I4BRTpIux2a0O2qS3BDmyZ5LGp3pszKbix32CmeVh7lN9dV7W5reDqtJJ9FCZEEF+pZ6e1/DQA362dflwZw2g=="],

    "@tiptap/extension-dropcursor": ["@tiptap/extension-dropcursor@2.11.5", "", { "peerDependencies": { "@tiptap/core": "^2.7.0", "@tiptap/pm": "^2.7.0" } }, "sha512-uIN7L3FU0904ec7FFFbndO7RQE/yiON4VzAMhNn587LFMyWO8US139HXIL4O8dpZeYwYL3d1FnDTflZl6CwLlg=="],

    "@tiptap/extension-floating-menu": ["@tiptap/extension-floating-menu@2.11.5", "", { "dependencies": { "tippy.js": "^6.3.7" }, "peerDependencies": { "@tiptap/core": "^2.7.0", "@tiptap/pm": "^2.7.0" } }, "sha512-HsMI0hV5Lwzm530Z5tBeyNCBNG38eJ3qjfdV2OHlfSf3+KOEfn6a5AUdoNaZO02LF79/8+7BaYU2drafag9cxQ=="],

    "@tiptap/extension-gapcursor": ["@tiptap/extension-gapcursor@2.11.5", "", { "peerDependencies": { "@tiptap/core": "^2.7.0", "@tiptap/pm": "^2.7.0" } }, "sha512-kcWa+Xq9cb6lBdiICvLReuDtz/rLjFKHWpW3jTTF3FiP3wx4H8Rs6bzVtty7uOVTfwupxZRiKICAMEU6iT0xrQ=="],

    "@tiptap/extension-hard-break": ["@tiptap/extension-hard-break@2.11.5", "", { "peerDependencies": { "@tiptap/core": "^2.7.0" } }, "sha512-q9doeN+Yg9F5QNTG8pZGYfNye3tmntOwch683v0CCVCI4ldKaLZ0jG3NbBTq+mosHYdgOH2rNbIORlRRsQ+iYQ=="],

    "@tiptap/extension-heading": ["@tiptap/extension-heading@2.11.5", "", { "peerDependencies": { "@tiptap/core": "^2.7.0" } }, "sha512-x/MV53psJ9baRcZ4k4WjnCUBMt8zCX7mPlKVT+9C/o+DEs/j/qxPLs95nHeQv70chZpSwCQCt93xMmuF0kPoAg=="],

    "@tiptap/extension-history": ["@tiptap/extension-history@2.11.5", "", { "peerDependencies": { "@tiptap/core": "^2.7.0", "@tiptap/pm": "^2.7.0" } }, "sha512-b+wOS33Dz1azw6F1i9LFTEIJ/gUui0Jwz5ZvmVDpL2ZHBhq1Ui0/spTT+tuZOXq7Y/uCbKL8Liu4WoedIvhboQ=="],

    "@tiptap/extension-horizontal-rule": ["@tiptap/extension-horizontal-rule@2.11.5", "", { "peerDependencies": { "@tiptap/core": "^2.7.0", "@tiptap/pm": "^2.7.0" } }, "sha512-3up2r1Du8/5/4ZYzTC0DjTwhgPI3dn8jhOCLu73m5F3OGvK/9whcXoeWoX103hYMnGDxBlfOje71yQuN35FL4A=="],

    "@tiptap/extension-italic": ["@tiptap/extension-italic@2.11.5", "", { "peerDependencies": { "@tiptap/core": "^2.7.0" } }, "sha512-9VGfb2/LfPhQ6TjzDwuYLRvw0A6VGbaIp3F+5Mql8XVdTBHb2+rhELbyhNGiGVR78CaB/EiKb6dO9xu/tBWSYA=="],

    "@tiptap/extension-link": ["@tiptap/extension-link@2.11.5", "", { "dependencies": { "linkifyjs": "^4.2.0" }, "peerDependencies": { "@tiptap/core": "^2.7.0", "@tiptap/pm": "^2.7.0" } }, "sha512-4Iu/aPzevbYpe50xDI0ZkqRa6nkZ9eF270Ue2qaF3Ab47nehj+9Jl78XXzo8+LTyFMnrETI73TAs1aC/IGySeQ=="],

    "@tiptap/extension-list-item": ["@tiptap/extension-list-item@2.11.5", "", { "peerDependencies": { "@tiptap/core": "^2.7.0" } }, "sha512-Mp5RD/pbkfW1vdc6xMVxXYcta73FOwLmblQlFNn/l/E5/X1DUSA4iGhgDDH4EWO3swbs03x2f7Zka/Xoj3+WLg=="],

    "@tiptap/extension-ordered-list": ["@tiptap/extension-ordered-list@2.11.5", "", { "peerDependencies": { "@tiptap/core": "^2.7.0" } }, "sha512-Cu8KwruBNWAaEfshRQR0yOSaUKAeEwxW7UgbvF9cN/zZuKgK5uZosPCPTehIFCcRe+TBpRtZQh+06f/gNYpYYg=="],

    "@tiptap/extension-paragraph": ["@tiptap/extension-paragraph@2.11.5", "", { "peerDependencies": { "@tiptap/core": "^2.7.0" } }, "sha512-YFBWeg7xu/sBnsDIF/+nh9Arf7R0h07VZMd0id5Ydd2Qe3c1uIZwXxeINVtH0SZozuPIQFAT8ICe9M0RxmE+TA=="],

    "@tiptap/extension-strike": ["@tiptap/extension-strike@2.11.5", "", { "peerDependencies": { "@tiptap/core": "^2.7.0" } }, "sha512-PVfUiCqrjvsLpbIoVlegSY8RlkR64F1Rr2RYmiybQfGbg+AkSZXDeO0eIrc03//4gua7D9DfIozHmAKv1KN3ow=="],

    "@tiptap/extension-text": ["@tiptap/extension-text@2.11.5", "", { "peerDependencies": { "@tiptap/core": "^2.7.0" } }, "sha512-Gq1WwyhFpCbEDrLPIHt5A8aLSlf8bfz4jm417c8F/JyU0J5dtYdmx0RAxjnLw1i7ZHE7LRyqqAoS0sl7JHDNSQ=="],

    "@tiptap/extension-text-style": ["@tiptap/extension-text-style@2.11.5", "", { "peerDependencies": { "@tiptap/core": "^2.7.0" } }, "sha512-YUmYl0gILSd/u/ZkOmNxjNXVw+mu8fpC2f8G4I4tLODm0zCx09j9DDEJXSrM5XX72nxJQqtSQsCpNKnL0hfeEQ=="],

    "@tiptap/pm": ["@tiptap/pm@2.11.5", "", { "dependencies": { "prosemirror-changeset": "^2.2.1", "prosemirror-collab": "^1.3.1", "prosemirror-commands": "^1.6.2", "prosemirror-dropcursor": "^1.8.1", "prosemirror-gapcursor": "^1.3.2", "prosemirror-history": "^1.4.1", "prosemirror-inputrules": "^1.4.0", "prosemirror-keymap": "^1.2.2", "prosemirror-markdown": "^1.13.1", "prosemirror-menu": "^1.2.4", "prosemirror-model": "^1.23.0", "prosemirror-schema-basic": "^1.2.3", "prosemirror-schema-list": "^1.4.1", "prosemirror-state": "^1.4.3", "prosemirror-tables": "^1.6.3", "prosemirror-trailing-node": "^3.0.0", "prosemirror-transform": "^1.10.2", "prosemirror-view": "^1.37.0" } }, "sha512-z9JFtqc5ZOsdQLd9vRnXfTCQ8v5ADAfRt9Nm7SqP6FUHII8E1hs38ACzf5xursmth/VonJYb5+73Pqxk1hGIPw=="],

    "@tiptap/react": ["@tiptap/react@2.11.5", "", { "dependencies": { "@tiptap/extension-bubble-menu": "^2.11.5", "@tiptap/extension-floating-menu": "^2.11.5", "@types/use-sync-external-store": "^0.0.6", "fast-deep-equal": "^3", "use-sync-external-store": "^1" }, "peerDependencies": { "@tiptap/core": "^2.7.0", "@tiptap/pm": "^2.7.0", "react": "^17.0.0 || ^18.0.0 || ^19.0.0", "react-dom": "^17.0.0 || ^18.0.0 || ^19.0.0" } }, "sha512-Dp8eHL1G+R/C4+QzAczyb3t1ovexEIZx9ln7SGEM+cT1KHKAw9XGPRgsp92+NQaYI+EdEb/YqoBOSzQcd18/OQ=="],

    "@tiptap/starter-kit": ["@tiptap/starter-kit@2.11.5", "", { "dependencies": { "@tiptap/core": "^2.11.5", "@tiptap/extension-blockquote": "^2.11.5", "@tiptap/extension-bold": "^2.11.5", "@tiptap/extension-bullet-list": "^2.11.5", "@tiptap/extension-code": "^2.11.5", "@tiptap/extension-code-block": "^2.11.5", "@tiptap/extension-document": "^2.11.5", "@tiptap/extension-dropcursor": "^2.11.5", "@tiptap/extension-gapcursor": "^2.11.5", "@tiptap/extension-hard-break": "^2.11.5", "@tiptap/extension-heading": "^2.11.5", "@tiptap/extension-history": "^2.11.5", "@tiptap/extension-horizontal-rule": "^2.11.5", "@tiptap/extension-italic": "^2.11.5", "@tiptap/extension-list-item": "^2.11.5", "@tiptap/extension-ordered-list": "^2.11.5", "@tiptap/extension-paragraph": "^2.11.5", "@tiptap/extension-strike": "^2.11.5", "@tiptap/extension-text": "^2.11.5", "@tiptap/extension-text-style": "^2.11.5", "@tiptap/pm": "^2.11.5" } }, "sha512-SLI7Aj2ruU1t//6Mk8f+fqW+18uTqpdfLUJYgwu0CkqBckrkRZYZh6GVLk/02k3H2ki7QkFxiFbZrdbZdng0JA=="],

    "@types/linkify-it": ["@types/linkify-it@5.0.0", "", {}, "sha512-sVDA58zAw4eWAffKOaQH5/5j3XeayukzDk+ewSsnv3p4yJEZHCCzMDiZM8e0OUrRvmpGZ85jf4yDHkHsgBNr9Q=="],

    "@types/markdown-it": ["@types/markdown-it@14.1.2", "", { "dependencies": { "@types/linkify-it": "^5", "@types/mdurl": "^2" } }, "sha512-promo4eFwuiW+TfGxhi+0x3czqTYJkG8qB17ZUJiVF10Xm7NLVRSLUsfRTU/6h1e24VvRnXCx+hG7li58lkzog=="],

    "@types/mdurl": ["@types/mdurl@2.0.0", "", {}, "sha512-RGdgjQUZba5p6QEFAVx2OGb8rQDL/cPRG7GiedRzMcJ1tYnUANBncjbSB1NRGwbvjcPeikRABz2nshyPk1bhWg=="],

    "@types/use-sync-external-store": ["@types/use-sync-external-store@0.0.6", "", {}, "sha512-zFDAD+tlpf2r4asuHEj0XH6pY6i0g5NeAHPn+15wk3BV6JA69eERFXC1gyGThDkVa1zCyKr5jox1+2LbV/AMLg=="],

    "argparse": ["argparse@2.0.1", "", {}, "sha512-8+9WqebbFzpX9OR+Wa6O29asIogeRMzcGtAINdpMHHyAg10f05aSFVBbcEqGf/PXw1EjAZ+q2/bEBg3DvurK3Q=="],

    "clsx": ["clsx@2.1.1", "", {}, "sha512-eYm0QWBtUrBWZWG0d386OGAw16Z995PiOVo2B7bjWSbHedGl5e0ZWaq65kOGgUSNesEIDkB9ISbTg/JK9dhCZA=="],

    "crelt": ["crelt@1.0.6", "", {}, "sha512-VQ2MBenTq1fWZUH9DJNGti7kKv6EeAuYr3cLwxUWhIu1baTaXh4Ib5W2CqHVqib4/MqbYGJqiL3Zb8GJZr3l4g=="],

    "detect-node-es": ["detect-node-es@1.1.0", "", {}, "sha512-ypdmJU/TbBby2Dxibuv7ZLW3Bs1QEmM7nHjEANfohJLvE0XVujisn1qPJcZxg+qDucsr+bP6fLD1rPS3AhJ7EQ=="],

    "entities": ["entities@4.5.0", "", {}, "sha512-V0hjH4dGPh9Ao5p0MoRY6BVqtwCjhz6vI5LT8AJ55H+4g9/4vbHx1I54fS0XuclLhDHArPQCiMjDxjaL8fPxhw=="],

    "escape-string-regexp": ["escape-string-regexp@4.0.0", "", {}, "sha512-TtpcNJ3XAzx3Gq8sWRzJaVajRs0uVxA2YAkdb1jm2YkPz4G6egUFAyA3n5vtEIZefPk5Wa4UXbKuS5fKkJWdgA=="],

    "fast-deep-equal": ["fast-deep-equal@3.1.3", "", {}, "sha512-f3qQ9oQy9j2AhBe/H9VC91wLmKBCCU/gDOnKNAYG5hswO7BLKj09Hc5HYNz9cGI++xlpDCIgDaitVs03ATR84Q=="],

    "get-nonce": ["get-nonce@1.0.1", "", {}, "sha512-FJhYRoDaiatfEkUK8HKlicmu/3SGFD51q3itKDGoSTysQJBnfOcxU5GxnhE1E6soB76MbT0MBtnKJuXyAx+96Q=="],

    "highlight.js": ["highlight.js@11.11.1", "", {}, "sha512-Xwwo44whKBVCYoliBQwaPvtd/2tYFkRQtXDWj1nackaV2JPXx3L0+Jvd8/qCJ2p+ML0/XVkJ2q+Mr+UVdpJK5w=="],

    "linkify-it": ["linkify-it@5.0.0", "", { "dependencies": { "uc.micro": "^2.0.0" } }, "sha512-5aHCbzQRADcdP+ATqnDuhhJ/MRIqDkZX5pyjFHRRysS8vZ5AbqGEoFIb6pYHPZ+L/OC2Lc+xT8uHVVR5CAK/wQ=="],

    "linkifyjs": ["linkifyjs@4.2.0", "", {}, "sha512-pCj3PrQyATaoTYKHrgWRF3SJwsm61udVh+vuls/Rl6SptiDhgE7ziUIudAedRY9QEfynmM7/RmLEfPUyw1HPCw=="],

    "markdown-it": ["markdown-it@14.1.0", "", { "dependencies": { "argparse": "^2.0.1", "entities": "^4.4.0", "linkify-it": "^5.0.0", "mdurl": "^2.0.0", "punycode.js": "^2.3.1", "uc.micro": "^2.1.0" }, "bin": "bin/markdown-it.mjs" }, "sha512-a54IwgWPaeBCAAsv13YgmALOF1elABB08FxO9i+r4VFk5Vl4pKokRPeX8u5TCgSsPi6ec1otfLjdOpVcgbpshg=="],

    "mdurl": ["mdurl@2.0.0", "", {}, "sha512-Lf+9+2r+Tdp5wXDXC4PcIBjTDtq4UKjCPMQhKIuzpJNW0b96kVqSwW0bT7FhRSfmAiFYgP+SCRvdrDozfh0U5w=="],

    "orderedmap": ["orderedmap@2.1.1", "", {}, "sha512-TvAWxi0nDe1j/rtMcWcIj94+Ffe6n7zhow33h40SKxmsmozs6dz/e+EajymfoFcHd7sxNn8yHM8839uixMOV6g=="],

    "prosemirror-changeset": ["prosemirror-changeset@2.2.1", "", { "dependencies": { "prosemirror-transform": "^1.0.0" } }, "sha512-J7msc6wbxB4ekDFj+n9gTW/jav/p53kdlivvuppHsrZXCaQdVgRghoZbSS3kwrRyAstRVQ4/+u5k7YfLgkkQvQ=="],

    "prosemirror-collab": ["prosemirror-collab@1.3.1", "", { "dependencies": { "prosemirror-state": "^1.0.0" } }, "sha512-4SnynYR9TTYaQVXd/ieUvsVV4PDMBzrq2xPUWutHivDuOshZXqQ5rGbZM84HEaXKbLdItse7weMGOUdDVcLKEQ=="],

    "prosemirror-commands": ["prosemirror-commands@1.7.0", "", { "dependencies": { "prosemirror-model": "^1.0.0", "prosemirror-state": "^1.0.0", "prosemirror-transform": "^1.10.2" } }, "sha512-6toodS4R/Aah5pdsrIwnTYPEjW70SlO5a66oo5Kk+CIrgJz3ukOoS+FYDGqvQlAX5PxoGWDX1oD++tn5X3pyRA=="],

    "prosemirror-dropcursor": ["prosemirror-dropcursor@1.8.1", "", { "dependencies": { "prosemirror-state": "^1.0.0", "prosemirror-transform": "^1.1.0", "prosemirror-view": "^1.1.0" } }, "sha512-M30WJdJZLyXHi3N8vxN6Zh5O8ZBbQCz0gURTfPmTIBNQ5pxrdU7A58QkNqfa98YEjSAL1HUyyU34f6Pm5xBSGw=="],

    "prosemirror-gapcursor": ["prosemirror-gapcursor@1.3.2", "", { "dependencies": { "prosemirror-keymap": "^1.0.0", "prosemirror-model": "^1.0.0", "prosemirror-state": "^1.0.0", "prosemirror-view": "^1.0.0" } }, "sha512-wtjswVBd2vaQRrnYZaBCbyDqr232Ed4p2QPtRIUK5FuqHYKGWkEwl08oQM4Tw7DOR0FsasARV5uJFvMZWxdNxQ=="],

    "prosemirror-history": ["prosemirror-history@1.4.1", "", { "dependencies": { "prosemirror-state": "^1.2.2", "prosemirror-transform": "^1.0.0", "prosemirror-view": "^1.31.0", "rope-sequence": "^1.3.0" } }, "sha512-2JZD8z2JviJrboD9cPuX/Sv/1ChFng+xh2tChQ2X4bB2HeK+rra/bmJ3xGntCcjhOqIzSDG6Id7e8RJ9QPXLEQ=="],

    "prosemirror-inputrules": ["prosemirror-inputrules@1.4.0", "", { "dependencies": { "prosemirror-state": "^1.0.0", "prosemirror-transform": "^1.0.0" } }, "sha512-6ygpPRuTJ2lcOXs9JkefieMst63wVJBgHZGl5QOytN7oSZs3Co/BYbc3Yx9zm9H37Bxw8kVzCnDsihsVsL4yEg=="],

    "prosemirror-keymap": ["prosemirror-keymap@1.2.2", "", { "dependencies": { "prosemirror-state": "^1.0.0", "w3c-keyname": "^2.2.0" } }, "sha512-EAlXoksqC6Vbocqc0GtzCruZEzYgrn+iiGnNjsJsH4mrnIGex4qbLdWWNza3AW5W36ZRrlBID0eM6bdKH4OStQ=="],

    "prosemirror-markdown": ["prosemirror-markdown@1.13.1", "", { "dependencies": { "@types/markdown-it": "^14.0.0", "markdown-it": "^14.0.0", "prosemirror-model": "^1.20.0" } }, "sha512-Sl+oMfMtAjWtlcZoj/5L/Q39MpEnVZ840Xo330WJWUvgyhNmLBLN7MsHn07s53nG/KImevWHSE6fEj4q/GihHw=="],

    "prosemirror-menu": ["prosemirror-menu@1.2.4", "", { "dependencies": { "crelt": "^1.0.0", "prosemirror-commands": "^1.0.0", "prosemirror-history": "^1.0.0", "prosemirror-state": "^1.0.0" } }, "sha512-S/bXlc0ODQup6aiBbWVsX/eM+xJgCTAfMq/nLqaO5ID/am4wS0tTCIkzwytmao7ypEtjj39i7YbJjAgO20mIqA=="],

    "prosemirror-model": ["prosemirror-model@1.24.1", "", { "dependencies": { "orderedmap": "^2.0.0" } }, "sha512-YM053N+vTThzlWJ/AtPtF1j0ebO36nvbmDy4U7qA2XQB8JVaQp1FmB9Jhrps8s+z+uxhhVTny4m20ptUvhk0Mg=="],

    "prosemirror-schema-basic": ["prosemirror-schema-basic@1.2.3", "", { "dependencies": { "prosemirror-model": "^1.19.0" } }, "sha512-h+H0OQwZVqMon1PNn0AG9cTfx513zgIG2DY00eJ00Yvgb3UD+GQ/VlWW5rcaxacpCGT1Yx8nuhwXk4+QbXUfJA=="],

    "prosemirror-schema-list": ["prosemirror-schema-list@1.5.1", "", { "dependencies": { "prosemirror-model": "^1.0.0", "prosemirror-state": "^1.0.0", "prosemirror-transform": "^1.7.3" } }, "sha512-927lFx/uwyQaGwJxLWCZRkjXG0p48KpMj6ueoYiu4JX05GGuGcgzAy62dfiV8eFZftgyBUvLx76RsMe20fJl+Q=="],

    "prosemirror-state": ["prosemirror-state@1.4.3", "", { "dependencies": { "prosemirror-model": "^1.0.0", "prosemirror-transform": "^1.0.0", "prosemirror-view": "^1.27.0" } }, "sha512-goFKORVbvPuAQaXhpbemJFRKJ2aixr+AZMGiquiqKxaucC6hlpHNZHWgz5R7dS4roHiwq9vDctE//CZ++o0W1Q=="],

    "prosemirror-tables": ["prosemirror-tables@1.6.4", "", { "dependencies": { "prosemirror-keymap": "^1.2.2", "prosemirror-model": "^1.24.1", "prosemirror-state": "^1.4.3", "prosemirror-transform": "^1.10.2", "prosemirror-view": "^1.37.2" } }, "sha512-TkDY3Gw52gRFRfRn2f4wJv5WOgAOXLJA2CQJYIJ5+kdFbfj3acR4JUW6LX2e1hiEBiUwvEhzH5a3cZ5YSztpIA=="],

    "prosemirror-trailing-node": ["prosemirror-trailing-node@3.0.0", "", { "dependencies": { "@remirror/core-constants": "3.0.0", "escape-string-regexp": "^4.0.0" }, "peerDependencies": { "prosemirror-model": "^1.22.1", "prosemirror-state": "^1.4.2", "prosemirror-view": "^1.33.8" } }, "sha512-xiun5/3q0w5eRnGYfNlW1uU9W6x5MoFKWwq/0TIRgt09lv7Hcser2QYV8t4muXbEr+Fwo0geYn79Xs4GKywrRQ=="],

    "prosemirror-transform": ["prosemirror-transform@1.10.3", "", { "dependencies": { "prosemirror-model": "^1.21.0" } }, "sha512-Nhh/+1kZGRINbEHmVu39oynhcap4hWTs/BlU7NnxWj3+l0qi8I1mu67v6mMdEe/ltD8hHvU4FV6PHiCw2VSpMw=="],

    "prosemirror-view": ["prosemirror-view@1.38.1", "", { "dependencies": { "prosemirror-model": "^1.20.0", "prosemirror-state": "^1.0.0", "prosemirror-transform": "^1.1.0" } }, "sha512-4FH/uM1A4PNyrxXbD+RAbAsf0d/mM0D/wAKSVVWK7o0A9Q/oOXJBrw786mBf2Vnrs/Edly6dH6Z2gsb7zWwaUw=="],

    "punycode.js": ["punycode.js@2.3.1", "", {}, "sha512-uxFIHU0YlHYhDQtV4R9J6a52SLx28BCjT+4ieh7IGbgwVJWO+km431c4yRlREUAsAmt/uMjQUyQHNEPf0M39CA=="],

    "react": ["react@19.0.0", "", {}, "sha512-V8AVnmPIICiWpGfm6GLzCR/W5FXLchHop40W4nXBmdlEceh16rCN8O8LNWm5bh5XUX91fh7KpA+W0TgMKmgTpQ=="],

    "react-dom": ["react-dom@19.0.0", "", { "dependencies": { "scheduler": "^0.25.0" }, "peerDependencies": { "react": "^19.0.0" } }, "sha512-4GV5sHFG0e/0AD4X+ySy6UJd3jVl1iNsNHdpad0qhABJ11twS3TTBnseqsKurKcsNqCEFeGL3uLpVChpIO3QfQ=="],

    "react-number-format": ["react-number-format@5.4.3", "", { "peerDependencies": { "react": "^0.14 || ^15.0.0 || ^16.0.0 || ^17.0.0 || ^18.0.0 || ^19.0.0", "react-dom": "^0.14 || ^15.0.0 || ^16.0.0 || ^17.0.0 || ^18.0.0 || ^19.0.0" } }, "sha512-VCY5hFg/soBighAoGcdE+GagkJq0230qN6jcS5sp8wQX1qy1fYN/RX7/BXkrs0oyzzwqR8/+eSUrqXbGeywdUQ=="],

    "react-remove-scroll": ["react-remove-scroll@2.6.3", "", { "dependencies": { "react-remove-scroll-bar": "^2.3.7", "react-style-singleton": "^2.2.3", "tslib": "^2.1.0", "use-callback-ref": "^1.3.3", "use-sidecar": "^1.1.3" }, "peerDependencies": { "@types/react": "*", "react": "^16.8.0 || ^17.0.0 || ^18.0.0 || ^19.0.0 || ^19.0.0-rc" }, "optionalPeers": ["@types/react"] }, "sha512-pnAi91oOk8g8ABQKGF5/M9qxmmOPxaAnopyTHYfqYEwJhyFrbbBtHuSgtKEoH0jpcxx5o3hXqH1mNd9/Oi+8iQ=="],

    "react-remove-scroll-bar": ["react-remove-scroll-bar@2.3.8", "", { "dependencies": { "react-style-singleton": "^2.2.2", "tslib": "^2.0.0" }, "peerDependencies": { "@types/react": "*", "react": "^16.8.0 || ^17.0.0 || ^18.0.0 || ^19.0.0" }, "optionalPeers": ["@types/react"] }, "sha512-9r+yi9+mgU33AKcj6IbT9oRCO78WriSj6t/cF8DWBZJ9aOGPOTEDvdUDz1FwKim7QXWwmHqtdHnRJfhAxEG46Q=="],

    "react-style-singleton": ["react-style-singleton@2.2.3", "", { "dependencies": { "get-nonce": "^1.0.0", "tslib": "^2.0.0" }, "peerDependencies": { "@types/react": "*", "react": "^16.8.0 || ^17.0.0 || ^18.0.0 || ^19.0.0 || ^19.0.0-rc" }, "optionalPeers": ["@types/react"] }, "sha512-b6jSvxvVnyptAiLjbkWLE/lOnR4lfTtDAl+eUC7RZy+QQWc6wRzIV2CE6xBuMmDxc2qIihtDCZD5NPOFl7fRBQ=="],

    "react-textarea-autosize": ["react-textarea-autosize@8.5.6", "", { "dependencies": { "@babel/runtime": "^7.20.13", "use-composed-ref": "^1.3.0", "use-latest": "^1.2.1" }, "peerDependencies": { "react": "^16.8.0 || ^17.0.0 || ^18.0.0 || ^19.0.0" } }, "sha512-aT3ioKXMa8f6zHYGebhbdMD2L00tKeRX1zuVuDx9YQK/JLLRSaSxq3ugECEmUB9z2kvk6bFSIoRHLkkUv0RJiw=="],

    "regenerator-runtime": ["regenerator-runtime@0.14.1", "", {}, "sha512-dYnhHh0nJoMfnkZs6GmmhFknAGRrLznOu5nc9ML+EJxGvrx6H7teuevqVqCuPcPK//3eDrrjQhehXVx9cnkGdw=="],

    "rope-sequence": ["rope-sequence@1.3.4", "", {}, "sha512-UT5EDe2cu2E/6O4igUr5PSFs23nvvukicWHx6GnOPlHAiiYbzNuCRQCuiUdHJQcqKalLKlrYJnjY0ySGsXNQXQ=="],

    "scheduler": ["scheduler@0.25.0", "", {}, "sha512-xFVuu11jh+xcO7JOAGJNOXld8/TcEHK/4CituBUeUb5hqxJLj9YuemAEuvm9gQ/+pgXYfbQuqAkiYu+u7YEsNA=="],

    "tabbable": ["tabbable@6.2.0", "", {}, "sha512-Cat63mxsVJlzYvN51JmVXIgNoUokrIaT2zLclCXjRd8boZ0004U4KCs/sToJ75C6sdlByWxpYnb5Boif1VSFew=="],

    "tippy.js": ["tippy.js@6.3.7", "", { "dependencies": { "@popperjs/core": "^2.9.0" } }, "sha512-E1d3oP2emgJ9dRQZdf3Kkn0qJgI6ZLpyS5z6ZkY1DF3kaQaBsGZsndEpHwx+eC+tYM41HaSNvNtLx8tU57FzTQ=="],

    "tslib": ["tslib@2.8.1", "", {}, "sha512-oJFu94HQb+KVduSUQL7wnpmqnfmLsOA/nAh6b6EH0wCEoK0/mPeXU6c3wKDV83MkOuHPRHtSXKKU99IBazS/2w=="],

    "type-fest": ["type-fest@4.37.0", "", {}, "sha512-S/5/0kFftkq27FPNye0XM1e2NsnoD/3FS+pBmbjmmtLT6I+i344KoOf7pvXreaFsDamWeaJX55nczA1m5PsBDg=="],

    "uc.micro": ["uc.micro@2.1.0", "", {}, "sha512-ARDJmphmdvUk6Glw7y9DQ2bFkKBHwQHLi2lsaH6PPmz/Ka9sFOBsBluozhDltWmnv9u/cF6Rt87znRTPV+yp/A=="],

    "use-callback-ref": ["use-callback-ref@1.3.3", "", { "dependencies": { "tslib": "^2.0.0" }, "peerDependencies": { "@types/react": "*", "react": "^16.8.0 || ^17.0.0 || ^18.0.0 || ^19.0.0 || ^19.0.0-rc" }, "optionalPeers": ["@types/react"] }, "sha512-jQL3lRnocaFtu3V00JToYz/4QkNWswxijDaCVNZRiRTO3HQDLsdu1ZtmIUvV4yPp+rvWm5j0y0TG/S61cuijTg=="],

    "use-composed-ref": ["use-composed-ref@1.4.0", "", { "peerDependencies": { "react": "^16.8.0 || ^17.0.0 || ^18.0.0 || ^19.0.0" } }, "sha512-djviaxuOOh7wkj0paeO1Q/4wMZ8Zrnag5H6yBvzN7AKKe8beOaED9SF5/ByLqsku8NP4zQqsvM2u3ew/tJK8/w=="],

    "use-isomorphic-layout-effect": ["use-isomorphic-layout-effect@1.2.0", "", { "peerDependencies": { "react": "^16.8.0 || ^17.0.0 || ^18.0.0 || ^19.0.0" } }, "sha512-q6ayo8DWoPZT0VdG4u3D3uxcgONP3Mevx2i2b0434cwWBoL+aelL1DzkXI6w3PhTZzUeR2kaVlZn70iCiseP6w=="],

    "use-latest": ["use-latest@1.3.0", "", { "dependencies": { "use-isomorphic-layout-effect": "^1.1.1" }, "peerDependencies": { "react": "^16.8.0 || ^17.0.0 || ^18.0.0 || ^19.0.0" } }, "sha512-mhg3xdm9NaM8q+gLT8KryJPnRFOz1/5XPBhmDEVZK1webPzDjrPk7f/mbpeLqTgB9msytYWANxgALOCJKnLvcQ=="],

    "use-sidecar": ["use-sidecar@1.1.3", "", { "dependencies": { "detect-node-es": "^1.1.0", "tslib": "^2.0.0" }, "peerDependencies": { "@types/react": "*", "react": "^16.8.0 || ^17.0.0 || ^18.0.0 || ^19.0.0 || ^19.0.0-rc" }, "optionalPeers": ["@types/react"] }, "sha512-Fedw0aZvkhynoPYlA5WXrMCAMm+nSWdZt6lzJQ7Ok8S6Q+VsHmHpRWndVRJ8Be0ZbkfPc5LRYH+5XrzXcEeLRQ=="],

    "use-sync-external-store": ["use-sync-external-store@1.4.0", "", { "peerDependencies": { "react": "^16.8.0 || ^17.0.0 || ^18.0.0 || ^19.0.0" } }, "sha512-9WXSPC5fMv61vaupRkCKCxsPxBocVnwakBEkMIHHpkTTg6icbJtg6jzgtLDm4bl3cSHAca52rYWih0k4K3PfHw=="],

    "w3c-keyname": ["w3c-keyname@2.2.8", "", {}, "sha512-dpojBhNsCNN7T82Tm7k26A6G9ML3NkhDsnw9n/eoxSRlVBB4CEtIQ/KTCLI2Fwf3ataSXRhYFkQi3SlnFwPvPQ=="],
  }
}
